
Microsoft Visual Studio Solution File, Format Version 12.00
# Visual Studio Version 17
VisualStudioVersion = 17.3.32929.385
MinimumVisualStudioVersion = 10.0.40219.1
Project("{FAE04EC0-301F-11D3-BF4B-00C04F79EFBC}") = "ShoesShopSneakers", "ShoesShopSneakers.csproj", "{E45B5601-3B49-4E63-BACB-778EEFC0F131}"
EndProject
Global
	GlobalSection(SolutionConfigurationPlatforms) = preSolution
		Debug|Any CPU = Debug|Any CPU
		Release|Any CPU = Release|Any CPU
	EndGlobalSection
	GlobalSection(ProjectConfigurationPlatforms) = postSolution
		{E45B5601-3B49-4E63-BACB-778EEFC0F131}.Debug|Any CPU.ActiveCfg = Debug|Any CPU
		{E45B5601-3B49-4E63-BACB-778EEFC0F131}.Debug|Any CPU.Build.0 = Debug|Any CPU
		{E45B5601-3B49-4E63-BACB-778EEFC0F131}.Release|Any CPU.ActiveCfg = Release|Any CPU
		{E45B5601-3B49-4E63-BACB-778EEFC0F131}.Release|Any CPU.Build.0 = Release|Any CPU
	EndGlobalSection
	GlobalSection(SolutionProperties) = preSolution
		HideSolutionNode = FALSE
	EndGlobalSection
	GlobalSection(ExtensibilityGlobals) = postSolution
		SolutionGuid = {A58AB563-3462-4B56-88B7-18E927F0D899}
	EndGlobalSection
EndGlobal
